
Microsoft Visual Studio Solution File, Format Version 12.00
# Visual Studio Version 17
VisualStudioVersion = 17.6.33815.320
MinimumVisualStudioVersion = 10.0.40219.1
Project("{2150E333-8FDC-42A3-9474-1A3956D46DE8}") = "Services", "Services", "{7E5452E1-3014-4E6D-B7C5-9AB81B8A9510}"
EndProject
Project("{2150E333-8FDC-42A3-9474-1A3956D46DE8}") = "Catalog", "Catalog", "{34C3EA0A-CA00-47FC-A09E-EBEA4D01F0EC}"
EndProject
Project("{FAE04EC0-301F-11D3-BF4B-00C04F79EFBC}") = "Catalog.API", "Services\Catalog\Catalog.API\Catalog.API.csproj", "{C7927B83-6EBD-44B5-B5AE-3E33B827924C}"
EndProject
Project("{2150E333-8FDC-42A3-9474-1A3956D46DE8}") = "BuildingBlocks", "BuildingBlocks", "{2EF50978-CEBE-412C-BAD6-39BB99C944A4}"
EndProject
Project("{FAE04EC0-301F-11D3-BF4B-00C04F79EFBC}") = "BuildingBlocks", "BuildingBlocks\BuildingBlocks\BuildingBlocks.csproj", "{8CAEA61D-C957-4E68-8CCB-F9EE8F8D558D}"
EndProject
Global
	GlobalSection(SolutionConfigurationPlatforms) = preSolution
		Debug|Any CPU = Debug|Any CPU
		Release|Any CPU = Release|Any CPU
	EndGlobalSection
	GlobalSection(ProjectConfigurationPlatforms) = postSolution
		{C7927B83-6EBD-44B5-B5AE-3E33B827924C}.Debug|Any CPU.ActiveCfg = Debug|Any CPU
		{C7927B83-6EBD-44B5-B5AE-3E33B827924C}.Debug|Any CPU.Build.0 = Debug|Any CPU
		{C7927B83-6EBD-44B5-B5AE-3E33B827924C}.Release|Any CPU.ActiveCfg = Release|Any CPU
		{C7927B83-6EBD-44B5-B5AE-3E33B827924C}.Release|Any CPU.Build.0 = Release|Any CPU
		{8CAEA61D-C957-4E68-8CCB-F9EE8F8D558D}.Debug|Any CPU.ActiveCfg = Debug|Any CPU
		{8CAEA61D-C957-4E68-8CCB-F9EE8F8D558D}.Debug|Any CPU.Build.0 = Debug|Any CPU
		{8CAEA61D-C957-4E68-8CCB-F9EE8F8D558D}.Release|Any CPU.ActiveCfg = Release|Any CPU
		{8CAEA61D-C957-4E68-8CCB-F9EE8F8D558D}.Release|Any CPU.Build.0 = Release|Any CPU
	EndGlobalSection
	GlobalSection(SolutionProperties) = preSolution
		HideSolutionNode = FALSE
	EndGlobalSection
	GlobalSection(NestedProjects) = preSolution
		{34C3EA0A-CA00-47FC-A09E-EBEA4D01F0EC} = {7E5452E1-3014-4E6D-B7C5-9AB81B8A9510}
		{C7927B83-6EBD-44B5-B5AE-3E33B827924C} = {34C3EA0A-CA00-47FC-A09E-EBEA4D01F0EC}
		{8CAEA61D-C957-4E68-8CCB-F9EE8F8D558D} = {2EF50978-CEBE-412C-BAD6-39BB99C944A4}
	EndGlobalSection
	GlobalSection(ExtensibilityGlobals) = postSolution
		SolutionGuid = {30CA928C-8640-4C4A-8562-616041727CE7}
	EndGlobalSection
EndGlobal
